// !$*UTF8*$!
{
	archiveVersion = 1;
	classes = {
	};
	objectVersion = 55;
	objects = {

/* Begin PBXBuildFile section */
		F3F956E727F2B65E00EA3E89 /* RecipeApp.swift in Sources */ = {isa = PBXBuildFile; fileRef = F3F956E627F2B65E00EA3E89 /* RecipeApp.swift */; };
		F3F956E927F2B65E00EA3E89 /* ContentView.swift in Sources */ = {isa = PBXBuildFile; fileRef = F3F956E827F2B65E00EA3E89 /* ContentView.swift */; };
		F3F956EB27F2B65F00EA3E89 /* Assets.xcassets in Resources */ = {isa = PBXBuildFile; fileRef = F3F956EA27F2B65F00EA3E89 /* Assets.xcassets */; };
		F3F956EE27F2B65F00EA3E89 /* Preview Assets.xcassets in Resources */ = {isa = PBXBuildFile; fileRef = F3F956ED27F2B65F00EA3E89 /* Preview Assets.xcassets */; };
		F3F956F727F2C55F00EA3E89 /* Recipe.xcdatamodeld in Sources */ = {isa = PBXBuildFile; fileRef = F3F956F527F2C55F00EA3E89 /* Recipe.xcdatamodeld */; };
		F3F956FB27F2D0B000EA3E89 /* UIPickerView.swift in Sources */ = {isa = PBXBuildFile; fileRef = F3F956FA27F2D0B000EA3E89 /* UIPickerView.swift */; };
		F3F956FD27F2D0D200EA3E89 /* AddRecipeView.swift in Sources */ = {isa = PBXBuildFile; fileRef = F3F956FC27F2D0D200EA3E89 /* AddRecipeView.swift */; };
		F3F956FF27F2D0ED00EA3E89 /* DetailRecipeView.swift in Sources */ = {isa = PBXBuildFile; fileRef = F3F956FE27F2D0ED00EA3E89 /* DetailRecipeView.swift */; };
		F3F9570127F3202400EA3E89 /* DataController.swift in Sources */ = {isa = PBXBuildFile; fileRef = F3F9570027F3202400EA3E89 /* DataController.swift */; };
/* End PBXBuildFile section */

/* Begin PBXFileReference section */
		F3F956E327F2B65E00EA3E89 /* Recipe.app */ = {isa = PBXFileReference; explicitFileType = wrapper.application; includeInIndex = 0; path = Recipe.app; sourceTree = BUILT_PRODUCTS_DIR; };
		F3F956E627F2B65E00EA3E89 /* RecipeApp.swift */ = {isa = PBXFileReference; lastKnownFileType = sourcecode.swift; path = RecipeApp.swift; sourceTree = "<group>"; };
		F3F956E827F2B65E00EA3E89 /* ContentView.swift */ = {isa = PBXFileReference; lastKnownFileType = sourcecode.swift; path = ContentView.swift; sourceTree = "<group>"; };
		F3F956EA27F2B65F00EA3E89 /* Assets.xcassets */ = {isa = PBXFileReference; lastKnownFileType = folder.assetcatalog; path = Assets.xcassets; sourceTree = "<group>"; };
		F3F956ED27F2B65F00EA3E89 /* Preview Assets.xcassets */ = {isa = PBXFileReference; lastKnownFileType = folder.assetcatalog; path = "Preview Assets.xcassets"; sourceTree = "<group>"; };
		F3F956F427F2B87700EA3E89 /* recipetypes.xml */ = {isa = PBXFileReference; lastKnownFileType = text.xml; path = recipetypes.xml; sourceTree = "<group>"; };
		F3F956F627F2C55F00EA3E89 /* Recipe.xcdatamodel */ = {isa = PBXFileReference; lastKnownFileType = wrapper.xcdatamodel; path = Recipe.xcdatamodel; sourceTree = "<group>"; };
		F3F956FA27F2D0B000EA3E89 /* UIPickerView.swift */ = {isa = PBXFileReference; lastKnownFileType = sourcecode.swift; path = UIPickerView.swift; sourceTree = "<group>"; };
		F3F956FC27F2D0D200EA3E89 /* AddRecipeView.swift */ = {isa = PBXFileReference; lastKnownFileType = sourcecode.swift; path = AddRecipeView.swift; sourceTree = "<group>"; };
		F3F956FE27F2D0ED00EA3E89 /* DetailRecipeView.swift */ = {isa = PBXFileReference; lastKnownFileType = sourcecode.swift; path = DetailRecipeView.swift; sourceTree = "<group>"; };
		F3F9570027F3202400EA3E89 /* DataController.swift */ = {isa = PBXFileReference; lastKnownFileType = sourcecode.swift; path = DataController.swift; sourceTree = "<group>"; };
/* End PBXFileReference section */

/* Begin PBXFrameworksBuildPhase section */
		F3F956E027F2B65E00EA3E89 /* Frameworks */ = {
			isa = PBXFrameworksBuildPhase;
			buildActionMask = 2147483647;
			files = (
			);
			runOnlyForDeploymentPostprocessing = 0;
		};
/* End PBXFrameworksBuildPhase section */

/* Begin PBXGroup section */
		F3F956DA27F2B65E00EA3E89 = {
			isa = PBXGroup;
			children = (
				F3F956E527F2B65E00EA3E89 /* Recipe */,
				F3F956E427F2B65E00EA3E89 /* Products */,
			);
			sourceTree = "<group>";
		};
		F3F956E427F2B65E00EA3E89 /* Products */ = {
			isa = PBXGroup;
			children = (
				F3F956E327F2B65E00EA3E89 /* Recipe.app */,
			);
			name = Products;
			sourceTree = "<group>";
		};
		F3F956E527F2B65E00EA3E89 /* Recipe */ = {
			isa = PBXGroup;
			children = (
				F3F956E627F2B65E00EA3E89 /* RecipeApp.swift */,
				F3F956E827F2B65E00EA3E89 /* ContentView.swift */,
				F3F956EA27F2B65F00EA3E89 /* Assets.xcassets */,
				F3F956EC27F2B65F00EA3E89 /* Preview Content */,
				F3F956F427F2B87700EA3E89 /* recipetypes.xml */,
				F3F956F527F2C55F00EA3E89 /* Recipe.xcdatamodeld */,
				F3F956FA27F2D0B000EA3E89 /* UIPickerView.swift */,
				F3F956FC27F2D0D200EA3E89 /* AddRecipeView.swift */,
				F3F956FE27F2D0ED00EA3E89 /* DetailRecipeView.swift */,
				F3F9570027F3202400EA3E89 /* DataController.swift */,
			);
			path = Recipe;
			sourceTree = "<group>";
		};
		F3F956EC27F2B65F00EA3E89 /* Preview Content */ = {
			isa = PBXGroup;
			children = (
				F3F956ED27F2B65F00EA3E89 /* Preview Assets.xcassets */,
			);
			path = "Preview Content";
			sourceTree = "<group>";
		};
/* End PBXGroup section */

/* Begin PBXNativeTarget section */
		F3F956E227F2B65E00EA3E89 /* Recipe */ = {
			isa = PBXNativeTarget;
			buildConfigurationList = F3F956F127F2B65F00EA3E89 /* Build configuration list for PBXNativeTarget "Recipe" */;
			buildPhases = (
				F3F956DF27F2B65E00EA3E89 /* Sources */,
				F3F956E027F2B65E00EA3E89 /* Frameworks */,
				F3F956E127F2B65E00EA3E89 /* Resources */,
			);
			buildRules = (
			);
			dependencies = (
			);
			name = Recipe;
			productName = RecipeApp;
			productReference = F3F956E327F2B65E00EA3E89 /* Recipe.app */;
			productType = "com.apple.product-type.application";
		};
/* End PBXNativeTarget section */

/* Begin PBXProject section */
		F3F956DB27F2B65E00EA3E89 /* Project object */ = {
			isa = PBXProject;
			attributes = {
				BuildIndependentTargetsInParallel = 1;
				LastSwiftUpdateCheck = 1330;
				LastUpgradeCheck = 1330;
				TargetAttributes = {
					F3F956E227F2B65E00EA3E89 = {
						CreatedOnToolsVersion = 13.3;
					};
				};
			};
			buildConfigurationList = F3F956DE27F2B65E00EA3E89 /* Build configuration list for PBXProject "Recipe" */;
			compatibilityVersion = "Xcode 13.0";
			developmentRegion = en;
			hasScannedForEncodings = 0;
			knownRegions = (
				en,
				Base,
			);
			mainGroup = F3F956DA27F2B65E00EA3E89;
			productRefGroup = F3F956E427F2B65E00EA3E89 /* Products */;
			projectDirPath = "";
			projectRoot = "";
			targets = (
				F3F956E227F2B65E00EA3E89 /* Recipe */,
			);
		};
/* End PBXProject section */

/* Begin PBXResourcesBuildPhase section */
		F3F956E127F2B65E00EA3E89 /* Resources */ = {
			isa = PBXResourcesBuildPhase;
			buildActionMask = 2147483647;
			files = (
				F3F956EE27F2B65F00EA3E89 /* Preview Assets.xcassets in Resources */,
				F3F956EB27F2B65F00EA3E89 /* Assets.xcassets in Resources */,
			);
			runOnlyForDeploymentPostprocessing = 0;
		};
/* End PBXResourcesBuildPhase section */

/* Begin PBXSourcesBuildPhase section */
		F3F956DF27F2B65E00EA3E89 /* Sources */ = {
			isa = PBXSourcesBuildPhase;
			buildActionMask = 2147483647;
			files = (
				F3F9570127F3202400EA3E89 /* DataController.swift in Sources */,
				F3F956FB27F2D0B000EA3E89 /* UIPickerView.swift in Sources */,
				F3F956F727F2C55F00EA3E89 /* Recipe.xcdatamodeld in Sources */,
				F3F956E927F2B65E00EA3E89 /* ContentView.swift in Sources */,
				F3F956FF27F2D0ED00EA3E89 /* DetailRecipeView.swift in Sources */,
				F3F956E727F2B65E00EA3E89 /* RecipeApp.swift in Sources */,
				F3F956FD27F2D0D200EA3E89 /* AddRecipeView.swift in Sources */,
			);
			runOnlyForDeploymentPostprocessing = 0;
		};
/* End PBXSourcesBuildPhase section */

/* Begin XCBuildConfiguration section */
		F3F956EF27F2B65F00EA3E89 /* Debug */ = {
			isa = XCBuildConfiguration;
			buildSettings = {
				ALWAYS_SEARCH_USER_PATHS = NO;
				CLANG_ANALYZER_NONNULL = YES;
				CLANG_ANALYZER_NUMBER_OBJECT_CONVERSION = YES_AGGRESSIVE;
				CLANG_CXX_LANGUAGE_STANDARD = "gnu++17";
				CLANG_ENABLE_MODULES = YES;
				CLANG_ENABLE_OBJC_ARC = YES;
				CLANG_ENABLE_OBJC_WEAK = YES;
				CLANG_WARN_BLOCK_CAPTURE_AUTORELEASING = YES;
				CLANG_WARN_BOOL_CONVERSION = YES;
				CLANG_WARN_COMMA = YES;
				CLANG_WARN_CONSTANT_CONVERSION = YES;
				CLANG_WARN_DEPRECATED_OBJC_IMPLEMENTATIONS = YES;
				CLANG_WARN_DIRECT_OBJC_ISA_USAGE = YES_ERROR;
				CLANG_WARN_DOCUMENTATION_COMMENTS = YES;
				CLANG_WARN_EMPTY_BODY = YES;
				CLANG_WARN_ENUM_CONVERSION = YES;
				CLANG_WARN_INFINITE_RECURSION = YES;
				CLANG_WARN_INT_CONVERSION = YES;
				CLANG_WARN_NON_LITERAL_NULL_CONVERSION = YES;
				CLANG_WARN_OBJC_IMPLICIT_RETAIN_SELF = YES;
				CLANG_WARN_OBJC_LITERAL_CONVERSION = YES;
				CLANG_WARN_OBJC_ROOT_CLASS = YES_ERROR;
				CLANG_WARN_QUOTED_INCLUDE_IN_FRAMEWORK_HEADER = YES;
				CLANG_WARN_RANGE_LOOP_ANALYSIS = YES;
				CLANG_WARN_STRICT_PROTOTYPES = YES;
				CLANG_WARN_SUSPICIOUS_MOVE = YES;
				CLANG_WARN_UNGUARDED_AVAILABILITY = YES_AGGRESSIVE;
				CLANG_WARN_UNREACHABLE_CODE = YES;
				CLANG_WARN__DUPLICATE_METHOD_MATCH = YES;
				COPY_PHASE_STRIP = NO;
				DEBUG_INFORMATION_FORMAT = dwarf;
				ENABLE_STRICT_OBJC_MSGSEND = YES;
				ENABLE_TESTABILITY = YES;
				GCC_C_LANGUAGE_STANDARD = gnu11;
				GCC_DYNAMIC_NO_PIC = NO;
				GCC_NO_COMMON_BLOCKS = YES;
				GCC_OPTIMIZATION_LEVEL = 0;
				GCC_PREPROCESSOR_DEFINITIONS = (
					"DEBUG=1",
					"$(inherited)",
				);
				GCC_WARN_64_TO_32_BIT_CONVERSION = YES;
				GCC_WARN_ABOUT_RETURN_TYPE = YES_ERROR;
				GCC_WARN_UNDECLARED_SELECTOR = YES;
				GCC_WARN_UNINITIALIZED_AUTOS = YES_AGGRESSIVE;
				GCC_WARN_UNUSED_FUNCTION = YES;
				GCC_WARN_UNUSED_VARIABLE = YES;
				IPHONEOS_DEPLOYMENT_TARGET = 15.4;
				MTL_ENABLE_DEBUG_INFO = INCLUDE_SOURCE;
				MTL_FAST_MATH = YES;
				ONLY_ACTIVE_ARCH = YES;
				SDKROOT = iphoneos;
				SWIFT_ACTIVE_COMPILATION_CONDITIONS = DEBUG;
				SWIFT_OPTIMIZATION_LEVEL = "-Onone";
			};
			name = Debug;
		};
		F3F956F027F2B65F00EA3E89 /* Release */ = {
			isa = XCBuildConfiguration;
			buildSettings = {
				ALWAYS_SEARCH_USER_PATHS = NO;
				CLANG_ANALYZER_NONNULL = YES;
				CLANG_ANALYZER_NUMBER_OBJECT_CONVERSION = YES_AGGRESSIVE;
				CLANG_CXX_LANGUAGE_STANDARD = "gnu++17";
				CLANG_ENABLE_MODULES = YES;
				CLANG_ENABLE_OBJC_ARC = YES;
				CLANG_ENABLE_OBJC_WEAK = YES;
				CLANG_WARN_BLOCK_CAPTURE_AUTORELEASING = YES;
				CLANG_WARN_BOOL_CONVERSION = YES;
				CLANG_WARN_COMMA = YES;
				CLANG_WARN_CONSTANT_CONVERSION = YES;
				CLANG_WARN_DEPRECATED_OBJC_IMPLEMENTATIONS = YES;
				CLANG_WARN_DIRECT_OBJC_ISA_USAGE = YES_ERROR;
				CLANG_WARN_DOCUMENTATION_COMMENTS = YES;
				CLANG_WARN_EMPTY_BODY = YES;
				CLANG_WARN_ENUM_CONVERSION = YES;
				CLANG_WARN_INFINITE_RECURSION = YES;
				CLANG_WARN_INT_CONVERSION = YES;
				CLANG_WARN_NON_LITERAL_NULL_CONVERSION = YES;
				CLANG_WARN_OBJC_IMPLICIT_RETAIN_SELF = YES;
				CLANG_WARN_OBJC_LITERAL_CONVERSION = YES;
				CLANG_WARN_OBJC_ROOT_CLASS = YES_ERROR;
				CLANG_WARN_QUOTED_INCLUDE_IN_FRAMEWORK_HEADER = YES;
				CLANG_WARN_RANGE_LOOP_ANALYSIS = YES;
				CLANG_WARN_STRICT_PROTOTYPES = YES;
				CLANG_WARN_SUSPICIOUS_MOVE = YES;
				CLANG_WARN_UNGUARDED_AVAILABILITY = YES_AGGRESSIVE;
				CLANG_WARN_UNREACHABLE_CODE = YES;
				CLANG_WARN__DUPLICATE_METHOD_MATCH = YES;
				COPY_PHASE_STRIP = NO;
				DEBUG_INFORMATION_FORMAT = "dwarf-with-dsym";
				ENABLE_NS_ASSERTIONS = NO;
				ENABLE_STRICT_OBJC_MSGSEND = YES;
				GCC_C_LANGUAGE_STANDARD = gnu11;
				GCC_NO_COMMON_BLOCKS = YES;
				GCC_WARN_64_TO_32_BIT_CONVERSION = YES;
				GCC_WARN_ABOUT_RETURN_TYPE = YES_ERROR;
				GCC_WARN_UNDECLARED_SELECTOR = YES;
				GCC_WARN_UNINITIALIZED_AUTOS = YES_AGGRESSIVE;
				GCC_WARN_UNUSED_FUNCTION = YES;
				GCC_WARN_UNUSED_VARIABLE = YES;
				IPHONEOS_DEPLOYMENT_TARGET = 15.4;
				MTL_ENABLE_DEBUG_INFO = NO;
				MTL_FAST_MATH = YES;
				SDKROOT = iphoneos;
				SWIFT_COMPILATION_MODE = wholemodule;
				SWIFT_OPTIMIZATION_LEVEL = "-O";
				VALIDATE_PRODUCT = YES;
			};
			name = Release;
		};
		F3F956F227F2B65F00EA3E89 /* Debug */ = {
			isa = XCBuildConfiguration;
			buildSettings = {
				ASSETCATALOG_COMPILER_APPICON_NAME = AppIcon;
				ASSETCATALOG_COMPILER_GLOBAL_ACCENT_COLOR_NAME = AccentColor;
				CODE_SIGN_STYLE = Automatic;
				CURRENT_PROJECT_VERSION = 1;
				DEVELOPMENT_ASSET_PATHS = "\"Recipe/Preview Content\"";
				ENABLE_PREVIEWS = YES;
				GENERATE_INFOPLIST_FILE = YES;
				INFOPLIST_KEY_UIApplicationSceneManifest_Generation = YES;
				INFOPLIST_KEY_UIApplicationSupportsIndirectInputEvents = YES;
				INFOPLIST_KEY_UILaunchScreen_Generation = YES;
				INFOPLIST_KEY_UISupportedInterfaceOrientations_iPad = "UIInterfaceOrientationPortrait UIInterfaceOrientationPortraitUpsideDown UIInterfaceOrientationLandscapeLeft UIInterfaceOrientationLandscapeRight";
				INFOPLIST_KEY_UISupportedInterfaceOrientations_iPhone = "UIInterfaceOrientationPortrait UIInterfaceOrientationLandscapeLeft UIInterfaceOrientationLandscapeRight";
				LD_RUNPATH_SEARCH_PATHS = (
					"$(inherited)",
					"@executable_path/Frameworks",
				);
				MARKETING_VERSION = 1.0;
				PRODUCT_BUNDLE_IDENTIFIER = com.aliyafthh.Recipe;
				PRODUCT_NAME = "$(TARGET_NAME)";
				SWIFT_EMIT_LOC_STRINGS = YES;
				SWIFT_VERSION = 5.0;
				TARGETED_DEVICE_FAMILY = "1,2";
			};
			name = Debug;
		};
		F3F956F327F2B65F00EA3E89 /* Release */ = {
			isa = XCBuildConfiguration;
			buildSettings = {
				ASSETCATALOG_COMPILER_APPICON_NAME = AppIcon;
				ASSETCATALOG_COMPILER_GLOBAL_ACCENT_COLOR_NAME = AccentColor;
				CODE_SIGN_STYLE = Automatic;
				CURRENT_PROJECT_VERSION = 1;
				DEVELOPMENT_ASSET_PATHS = "\"Recipe/Preview Content\"";
				ENABLE_PREVIEWS = YES;
				GENERATE_INFOPLIST_FILE = YES;
				INFOPLIST_KEY_UIApplicationSceneManifest_Generation = YES;
				INFOPLIST_KEY_UIApplicationSupportsIndirectInputEvents = YES;
				INFOPLIST_KEY_UILaunchScreen_Generation = YES;
				INFOPLIST_KEY_UISupportedInterfaceOrientations_iPad = "UIInterfaceOrientationPortrait UIInterfaceOrientationPortraitUpsideDown UIInterfaceOrientationLandscapeLeft UIInterfaceOrientationLandscapeRight";
				INFOPLIST_KEY_UISupportedInterfaceOrientations_iPhone = "UIInterfaceOrientationPortrait UIInterfaceOrientationLandscapeLeft UIInterfaceOrientationLandscapeRight";
				LD_RUNPATH_SEARCH_PATHS = (
					"$(inherited)",
					"@executable_path/Frameworks",
				);
				MARKETING_VERSION = 1.0;
				PRODUCT_BUNDLE_IDENTIFIER = com.aliyafthh.Recipe;
				PRODUCT_NAME = "$(TARGET_NAME)";
				SWIFT_EMIT_LOC_STRINGS = YES;
				SWIFT_VERSION = 5.0;
				TARGETED_DEVICE_FAMILY = "1,2";
			};
			name = Release;
		};
/* End XCBuildConfiguration section */

/* Begin XCConfigurationList section */
		F3F956DE27F2B65E00EA3E89 /* Build configuration list for PBXProject "Recipe" */ = {
			isa = XCConfigurationList;
			buildConfigurations = (
				F3F956EF27F2B65F00EA3E89 /* Debug */,
				F3F956F027F2B65F00EA3E89 /* Release */,
			);
			defaultConfigurationIsVisible = 0;
			defaultConfigurationName = Release;
		};
		F3F956F127F2B65F00EA3E89 /* Build configuration list for PBXNativeTarget "Recipe" */ = {
			isa = XCConfigurationList;
			buildConfigurations = (
				F3F956F227F2B65F00EA3E89 /* Debug */,
				F3F956F327F2B65F00EA3E89 /* Release */,
			);
			defaultConfigurationIsVisible = 0;
			defaultConfigurationName = Release;
		};
/* End XCConfigurationList section */

/* Begin XCVersionGroup section */
		F3F956F527F2C55F00EA3E89 /* Recipe.xcdatamodeld */ = {
			isa = XCVersionGroup;
			children = (
				F3F956F627F2C55F00EA3E89 /* Recipe.xcdatamodel */,
			);
			currentVersion = F3F956F627F2C55F00EA3E89 /* Recipe.xcdatamodel */;
			path = Recipe.xcdatamodeld;
			sourceTree = "<group>";
			versionGroupType = wrapper.xcdatamodel;
		};
/* End XCVersionGroup section */
	};
	rootObject = F3F956DB27F2B65E00EA3E89 /* Project object */;
}
